
Microsoft Visual Studio Solution File, Format Version 12.00
# Visual Studio Version 16
VisualStudioVersion = 16.0.32228.343
MinimumVisualStudioVersion = 10.0.40219.1
Project("{FAE04EC0-301F-11D3-BF4B-00C04F79EFBC}") = "Operating System Task", "Operating System Task\Operating System Task.csproj", "{2D41B67B-9869-4E9E-952B-CE1E07498DC9}"
EndProject
Global
	GlobalSection(SolutionConfigurationPlatforms) = preSolution
		Debug|Any CPU = Debug|Any CPU
		Release|Any CPU = Release|Any CPU
	EndGlobalSection
	GlobalSection(ProjectConfigurationPlatforms) = postSolution
		{2D41B67B-9869-4E9E-952B-CE1E07498DC9}.Debug|Any CPU.ActiveCfg = Debug|Any CPU
		{2D41B67B-9869-4E9E-952B-CE1E07498DC9}.Debug|Any CPU.Build.0 = Debug|Any CPU
		{2D41B67B-9869-4E9E-952B-CE1E07498DC9}.Release|Any CPU.ActiveCfg = Release|Any CPU
		{2D41B67B-9869-4E9E-952B-CE1E07498DC9}.Release|Any CPU.Build.0 = Release|Any CPU
	EndGlobalSection
	GlobalSection(SolutionProperties) = preSolution
		HideSolutionNode = FALSE
	EndGlobalSection
	GlobalSection(ExtensibilityGlobals) = postSolution
		SolutionGuid = {C86E1A3B-6713-4C87-92FC-BD6FDEB65A7C}
	EndGlobalSection
EndGlobal
